{
  "nodes": {
    "flake-utils": {
      "locked": {
        "lastModified": 1642700792,
        "narHash": "sha256-XqHrk7hFb+zBvRg6Ghl+AZDq03ov6OshJLiSWOoX5es=",
        "owner": "numtide",
        "repo": "flake-utils",
        "rev": "846b2ae0fc4cc943637d3d1def4454213e203cba",
        "type": "github"
      },
      "original": {
        "owner": "numtide",
        "repo": "flake-utils",
        "type": "github"
      }
    },
    "nixpkgs": {
      "locked": {
        "lastModified": 1643653624,
        "narHash": "sha256-+8hLMsQrZ2rkvcEtEId6HMe8GPxVb5ga+Vh1fdsqJDU=",
        "owner": "nixos",
        "repo": "nixpkgs",
        "rev": "a529f0c125a78343b145a8eb2b915b0295e4f459",
        "type": "github"
      },
      "original": {
        "owner": "nixos",
        "ref": "nixpkgs-unstable",
        "repo": "nixpkgs",
        "type": "github"
      }
    },
    "npmlock2nix": {
      "flake": false,
      "locked": {
        "lastModified": 1643278647,
        "narHash": "sha256-gtbSzFJLil84xuE/IUI2IaNMd0ELp79vuWM9QUAUoUY=",
        "owner": "nix-community",
        "repo": "npmlock2nix",
        "rev": "228988a72aa375b7632ef658e93c9edcced169eb",
        "type": "github"
      },
      "original": {
        "owner": "nix-community",
        "repo": "npmlock2nix",
        "type": "github"
      }
    },
    "root": {
      "inputs": {
        "flake-utils": "flake-utils",
        "nixpkgs": "nixpkgs",
        "npmlock2nix": "npmlock2nix",
        "sharp-libvips": "sharp-libvips"
      }
    },
    "sharp-libvips": {
      "flake": false,
      "locked": {
        "lastModified": 1643705949,
        "narHash": "sha256-JB+czOfKIhcGrqNV+qIQN/O0SHbP26nQXQ8XW+XSxk0=",
        "owner": "lovell",
        "repo": "sharp-libvips",
        "rev": "50c04b5bde8125793e6e8d2ac41f38569cd0b5d5",
        "type": "github"
      },
      "original": {
        "owner": "lovell",
        "repo": "sharp-libvips",
        "type": "github"
      }
    }
  },
  "root": "root",
  "version": 7
}
